github.com/FishGoddess/rego v0.1.1 h1:YRi6lGeDY3W1JNQFsk1Ko32K7EV7HH7opf7B16DLJaI=
github.com/FishGoddess/rego v0.1.1/go.mod h1:O4iFjJpvwWmA9uOzVOsSKMdkVEJJgFiUngIwI7oQODY=
github.com/FishGoddess/rego v0.2.1 h1:UQW9t/RDdMO+z1xQSpSkQpLg8qkTtIuvP7ht6Pu5+jM=
github.com/FishGoddess/rego v0.2.1/go.mod h1:wwemmf3ghUHddWzK7BgAjyy6qHoIgGeuKrKM4Rbf91k=
github.com/FishGoddess/rego v0.2.2 h1:bQy+XJ5SKDfyMPN/+OWE0wQmlEtEcnOet8fr1BZZdxo=
github.com/FishGoddess/rego v0.2.2/go.mod h1:wwemmf3ghUHddWzK7BgAjyy6qHoIgGeuKrKM4Rbf91k=
