github.com/FishGoddess/rego v0.2.2 h1:bQy+XJ5SKDfyMPN/+OWE0wQmlEtEcnOet8fr1BZZdxo=
github.com/FishGoddess/rego v0.2.2/go.mod h1:wwemmf3ghUHddWzK7BgAjyy6qHoIgGeuKrKM4Rbf91k=
github.com/FishGoddess/rego v0.2.4 h1:+WZOd9oBc5Bu0ArHcFepEFMmBkGNIpzZfe7V4jIuuNc=
github.com/FishGoddess/rego v0.2.4/go.mod h1:wwemmf3ghUHddWzK7BgAjyy6qHoIgGeuKrKM4Rbf91k=
github.com/FishGoddess/rego v0.3.0 h1:JPsgB9s3ySXZwzqoeyMB5ZQJtGBedBRB0Jbb0VGeu/U=
github.com/FishGoddess/rego v0.3.0/go.mod h1:wwemmf3ghUHddWzK7BgAjyy6qHoIgGeuKrKM4Rbf91k=
